
Microsoft Visual Studio Solution File, Format Version 12.00
# Visual Studio 15
VisualStudioVersion = 15.0.27703.1
MinimumVisualStudioVersion = 10.0.40219.1
Project("{FAE04EC0-301F-11D3-BF4B-00C04F79EFBC}") = "ComicBookGallery", "ComicBookGallery\ComicBookGallery.csproj", "{33919BAD-9ED1-4452-BA8D-98807747E827}"
EndProject
Global
	GlobalSection(SolutionConfigurationPlatforms) = preSolution
		Debug|Any CPU = Debug|Any CPU
		Release|Any CPU = Release|Any CPU
	EndGlobalSection
	GlobalSection(ProjectConfigurationPlatforms) = postSolution
		{33919BAD-9ED1-4452-BA8D-98807747E827}.Debug|Any CPU.ActiveCfg = Debug|Any CPU
		{33919BAD-9ED1-4452-BA8D-98807747E827}.Debug|Any CPU.Build.0 = Debug|Any CPU
		{33919BAD-9ED1-4452-BA8D-98807747E827}.Release|Any CPU.ActiveCfg = Release|Any CPU
		{33919BAD-9ED1-4452-BA8D-98807747E827}.Release|Any CPU.Build.0 = Release|Any CPU
	EndGlobalSection
	GlobalSection(SolutionProperties) = preSolution
		HideSolutionNode = FALSE
	EndGlobalSection
	GlobalSection(ExtensibilityGlobals) = postSolution
		SolutionGuid = {52CB3B20-FB08-4130-9FDA-7AA9A046ECF1}
	EndGlobalSection
EndGlobal
